
Microsoft Visual Studio Solution File, Format Version 12.00
# Visual Studio 15
VisualStudioVersion = 15.0.27004.2006
MinimumVisualStudioVersion = 10.0.40219.1
Project("{9A19103F-16F7-4668-BE54-9A1E7A4F7556}") = "Freelancme", "UI\Freelancme.csproj", "{B4416397-CF4C-40F2-8463-0FBCEEFDBBBE}"
EndProject
Project("{FAE04EC0-301F-11D3-BF4B-00C04F79EFBC}") = "Freelancme.WebApi", "Freelancme.WebApi\Freelancme.WebApi.csproj", "{A918DF98-C332-4894-B94B-3CEC5B2DFD9C}"
EndProject
Global
	GlobalSection(SolutionConfigurationPlatforms) = preSolution
		Debug|Any CPU = Debug|Any CPU
		Release|Any CPU = Release|Any CPU
	EndGlobalSection
	GlobalSection(ProjectConfigurationPlatforms) = postSolution
		{B4416397-CF4C-40F2-8463-0FBCEEFDBBBE}.Debug|Any CPU.ActiveCfg = Debug|Any CPU
		{B4416397-CF4C-40F2-8463-0FBCEEFDBBBE}.Debug|Any CPU.Build.0 = Debug|Any CPU
		{B4416397-CF4C-40F2-8463-0FBCEEFDBBBE}.Release|Any CPU.ActiveCfg = Release|Any CPU
		{B4416397-CF4C-40F2-8463-0FBCEEFDBBBE}.Release|Any CPU.Build.0 = Release|Any CPU
		{A918DF98-C332-4894-B94B-3CEC5B2DFD9C}.Debug|Any CPU.ActiveCfg = Debug|Any CPU
		{A918DF98-C332-4894-B94B-3CEC5B2DFD9C}.Debug|Any CPU.Build.0 = Debug|Any CPU
		{A918DF98-C332-4894-B94B-3CEC5B2DFD9C}.Release|Any CPU.ActiveCfg = Release|Any CPU
		{A918DF98-C332-4894-B94B-3CEC5B2DFD9C}.Release|Any CPU.Build.0 = Release|Any CPU
	EndGlobalSection
	GlobalSection(SolutionProperties) = preSolution
		HideSolutionNode = FALSE
	EndGlobalSection
	GlobalSection(ExtensibilityGlobals) = postSolution
		SolutionGuid = {92D96958-E4B8-40C0-88A7-6E776838FEF1}
	EndGlobalSection
EndGlobal
